
Microsoft Visual Studio Solution File, Format Version 12.00
# Visual Studio Version 17
VisualStudioVersion = 17.1.32210.238
MinimumVisualStudioVersion = 10.0.40219.1
Project("{9A19103F-16F7-4668-BE54-9A1E7A4F7556}") = "BpsNet", "src\BpsNet.csproj", "{C0D2872D-DB10-419E-9B2E-A361AE7DB1F7}"
EndProject
Project("{9A19103F-16F7-4668-BE54-9A1E7A4F7556}") = "BspNetTest", "tests\BspNetTest.csproj", "{FDB70B71-7B50-4EBE-9ACC-768B911A7473}"
EndProject
Global
	GlobalSection(SolutionConfigurationPlatforms) = preSolution
		Debug|Any CPU = Debug|Any CPU
		Release|Any CPU = Release|Any CPU
	EndGlobalSection
	GlobalSection(ProjectConfigurationPlatforms) = postSolution
		{C0D2872D-DB10-419E-9B2E-A361AE7DB1F7}.Debug|Any CPU.ActiveCfg = Debug|Any CPU
		{C0D2872D-DB10-419E-9B2E-A361AE7DB1F7}.Debug|Any CPU.Build.0 = Debug|Any CPU
		{C0D2872D-DB10-419E-9B2E-A361AE7DB1F7}.Release|Any CPU.ActiveCfg = Release|Any CPU
		{C0D2872D-DB10-419E-9B2E-A361AE7DB1F7}.Release|Any CPU.Build.0 = Release|Any CPU
		{FDB70B71-7B50-4EBE-9ACC-768B911A7473}.Debug|Any CPU.ActiveCfg = Debug|Any CPU
		{FDB70B71-7B50-4EBE-9ACC-768B911A7473}.Debug|Any CPU.Build.0 = Debug|Any CPU
		{FDB70B71-7B50-4EBE-9ACC-768B911A7473}.Release|Any CPU.ActiveCfg = Release|Any CPU
		{FDB70B71-7B50-4EBE-9ACC-768B911A7473}.Release|Any CPU.Build.0 = Release|Any CPU
	EndGlobalSection
	GlobalSection(SolutionProperties) = preSolution
		HideSolutionNode = FALSE
	EndGlobalSection
	GlobalSection(ExtensibilityGlobals) = postSolution
		SolutionGuid = {4061A427-08A5-4BB3-A397-2EBDC63CAF6D}
	EndGlobalSection
EndGlobal
